
Microsoft Visual Studio Solution File, Format Version 12.00
# Visual Studio 15
VisualStudioVersion = 15.0.26403.7
MinimumVisualStudioVersion = 10.0.40219.1
Project("{FAE04EC0-301F-11D3-BF4B-00C04F79EFBC}") = "AppPushTestForm", "AppPushTestForm\AppPushTestForm.csproj", "{50E90724-42F8-48A8-8C09-81C9C5B6A0C2}"
EndProject
Project("{2150E333-8FDC-42A3-9474-1A3956D46DE8}") = "library", "library", "{C529E715-C2AF-4EFF-874B-3C4BDE947138}"
	ProjectSection(SolutionItems) = preProject
		library\CommonLibrary.dll = library\CommonLibrary.dll
		library\FCM.Sender.dll = library\FCM.Sender.dll
		library\Newtonsoft.Json.dll = library\Newtonsoft.Json.dll
		library\PushSharp.Apple.dll = library\PushSharp.Apple.dll
		library\PushSharp.Core.dll = library\PushSharp.Core.dll
		library\PushSharp.Sender.dll = library\PushSharp.Sender.dll
	EndProjectSection
EndProject
Global
	GlobalSection(SolutionConfigurationPlatforms) = preSolution
		Debug|Any CPU = Debug|Any CPU
		Release|Any CPU = Release|Any CPU
	EndGlobalSection
	GlobalSection(ProjectConfigurationPlatforms) = postSolution
		{50E90724-42F8-48A8-8C09-81C9C5B6A0C2}.Debug|Any CPU.ActiveCfg = Debug|Any CPU
		{50E90724-42F8-48A8-8C09-81C9C5B6A0C2}.Debug|Any CPU.Build.0 = Debug|Any CPU
		{50E90724-42F8-48A8-8C09-81C9C5B6A0C2}.Release|Any CPU.ActiveCfg = Release|Any CPU
		{50E90724-42F8-48A8-8C09-81C9C5B6A0C2}.Release|Any CPU.Build.0 = Release|Any CPU
	EndGlobalSection
	GlobalSection(SolutionProperties) = preSolution
		HideSolutionNode = FALSE
	EndGlobalSection
EndGlobal
